
Microsoft Visual Studio Solution File, Format Version 12.00
# Visual Studio Version 16
VisualStudioVersion = 16.0.32901.82
MinimumVisualStudioVersion = 10.0.40219.1
Project("{D2ABAB84-BF74-430A-B69E-9DC6D40DDA17}") = "MultidimensionalProject2", "MultidimensionalProject2\MultidimensionalProject2.dwproj", "{7FBB9D14-64B0-4C42-98C7-997016DB7635}"
EndProject
Global
	GlobalSection(SolutionConfigurationPlatforms) = preSolution
		Development|Default = Development|Default
	EndGlobalSection
	GlobalSection(ProjectConfigurationPlatforms) = postSolution
		{7FBB9D14-64B0-4C42-98C7-997016DB7635}.Development|Default.ActiveCfg = Development
		{7FBB9D14-64B0-4C42-98C7-997016DB7635}.Development|Default.Build.0 = Development
		{7FBB9D14-64B0-4C42-98C7-997016DB7635}.Development|Default.Deploy.0 = Development
	EndGlobalSection
	GlobalSection(SolutionProperties) = preSolution
		HideSolutionNode = FALSE
	EndGlobalSection
	GlobalSection(ExtensibilityGlobals) = postSolution
		SolutionGuid = {D1005BF6-F31B-4FDC-92EF-8606E6B67721}
	EndGlobalSection
EndGlobal
