
Microsoft Visual Studio Solution File, Format Version 12.00
# Visual Studio Version 16
VisualStudioVersion = 16.0.32901.82
MinimumVisualStudioVersion = 10.0.40219.1
Project("{D2ABAB84-BF74-430A-B69E-9DC6D40DDA17}") = "MultidimensionalProject1", "MultidimensionalProject1\MultidimensionalProject1.dwproj", "{FCCDEA5F-0ABD-45E9-8C1E-A4D35C447D59}"
EndProject
Global
	GlobalSection(SolutionConfigurationPlatforms) = preSolution
		Development|Default = Development|Default
	EndGlobalSection
	GlobalSection(ProjectConfigurationPlatforms) = postSolution
		{FCCDEA5F-0ABD-45E9-8C1E-A4D35C447D59}.Development|Default.ActiveCfg = Development
		{FCCDEA5F-0ABD-45E9-8C1E-A4D35C447D59}.Development|Default.Build.0 = Development
		{FCCDEA5F-0ABD-45E9-8C1E-A4D35C447D59}.Development|Default.Deploy.0 = Development
	EndGlobalSection
	GlobalSection(SolutionProperties) = preSolution
		HideSolutionNode = FALSE
	EndGlobalSection
	GlobalSection(ExtensibilityGlobals) = postSolution
		SolutionGuid = {04185F73-3C70-4C64-9AC6-AF99E7B53DA6}
	EndGlobalSection
EndGlobal
